
Microsoft Visual Studio Solution File, Format Version 12.00
# Visual Studio Version 17
VisualStudioVersion = 17.5.33502.453
MinimumVisualStudioVersion = 10.0.40219.1
Project("{FAE04EC0-301F-11D3-BF4B-00C04F79EFBC}") = "TutorialPractise", "TutorialPractise.csproj", "{2B670C7F-C481-40BA-8A0F-B480577FC29C}"
EndProject
Global
	GlobalSection(SolutionConfigurationPlatforms) = preSolution
		Debug|Any CPU = Debug|Any CPU
		Release|Any CPU = Release|Any CPU
	EndGlobalSection
	GlobalSection(ProjectConfigurationPlatforms) = postSolution
		{2B670C7F-C481-40BA-8A0F-B480577FC29C}.Debug|Any CPU.ActiveCfg = Debug|Any CPU
		{2B670C7F-C481-40BA-8A0F-B480577FC29C}.Debug|Any CPU.Build.0 = Debug|Any CPU
		{2B670C7F-C481-40BA-8A0F-B480577FC29C}.Release|Any CPU.ActiveCfg = Release|Any CPU
		{2B670C7F-C481-40BA-8A0F-B480577FC29C}.Release|Any CPU.Build.0 = Release|Any CPU
	EndGlobalSection
	GlobalSection(SolutionProperties) = preSolution
		HideSolutionNode = FALSE
	EndGlobalSection
	GlobalSection(ExtensibilityGlobals) = postSolution
		SolutionGuid = {E83BECF1-7ED8-48D0-9D5E-74812D7CEAAC}
	EndGlobalSection
EndGlobal
